
Microsoft Visual Studio Solution File, Format Version 12.00
Project("{FAE04EC0-301F-11D3-BF4B-00C04F79EFBC}") = "MetaBlobs", "MetaBlobs.csproj", "{84392BB5-BE7C-4116-9CDE-32EA22D69993}"
EndProject
Global
	GlobalSection(SolutionConfigurationPlatforms) = preSolution
		Debug|Any CPU = Debug|Any CPU
		Release|Any CPU = Release|Any CPU
	EndGlobalSection
	GlobalSection(ProjectConfigurationPlatforms) = postSolution
		{84392BB5-BE7C-4116-9CDE-32EA22D69993}.Debug|Any CPU.ActiveCfg = Debug|Any CPU
		{84392BB5-BE7C-4116-9CDE-32EA22D69993}.Debug|Any CPU.Build.0 = Debug|Any CPU
		{84392BB5-BE7C-4116-9CDE-32EA22D69993}.Release|Any CPU.ActiveCfg = Release|Any CPU
		{84392BB5-BE7C-4116-9CDE-32EA22D69993}.Release|Any CPU.Build.0 = Release|Any CPU
	EndGlobalSection
EndGlobal
